
Microsoft Visual Studio Solution File, Format Version 12.00
# Visual Studio 15
VisualStudioVersion = 15.0.28010.2041
MinimumVisualStudioVersion = 10.0.40219.1
Project("{2150E333-8FDC-42A3-9474-1A3956D46DE8}") = "src", "src", "{CBFFFEA9-60E2-4179-BBBA-989DC6E9C3BD}"
EndProject
Project("{2150E333-8FDC-42A3-9474-1A3956D46DE8}") = "dependencies", "dependencies", "{E04D98D6-6C1E-4E41-AB15-3C8CA6BC9F8D}"
EndProject
Project("{2150E333-8FDC-42A3-9474-1A3956D46DE8}") = "Solution Items", "Solution Items", "{AF60A9C5-549D-46BC-B782-7B7AD1C207D0}"
	ProjectSection(SolutionItems) = preProject
		Directory.Build.props = Directory.Build.props
		README.md = README.md
	EndProjectSection
EndProject
Project("{9A19103F-16F7-4668-BE54-9A1E7A4F7556}") = "QboxNext.WebApi", "src\QboxNext.WebApi\QboxNext.WebApi.csproj", "{FF9F4D84-FEDC-43ED-80B9-D760D5EC1E2B}"
EndProject
Project("{9A19103F-16F7-4668-BE54-9A1E7A4F7556}") = "QBoxNext.Business", "src\QBoxNext.Business\QBoxNext.Business.csproj", "{A7948F1B-EF2D-4566-8D8F-BDF69F5A297D}"
EndProject
Project("{9A19103F-16F7-4668-BE54-9A1E7A4F7556}") = "Qboxes.Model", "dependencies\dotnetcore-minimal\Qboxes.Model\Qboxes.Model.csproj", "{0123527F-A680-4A40-83B8-867964839BED}"
EndProject
Project("{9A19103F-16F7-4668-BE54-9A1E7A4F7556}") = "QboxNext.Core", "dependencies\dotnetcore-minimal\QboxNext.Core\QboxNext.Core.csproj", "{A60261EA-34F4-4075-87A2-675FD80F79DC}"
EndProject
Project("{9A19103F-16F7-4668-BE54-9A1E7A4F7556}") = "QboxNext.Qserver.Core", "dependencies\dotnetcore-minimal\QboxNext.Qserver.Core\QboxNext.Qserver.Core.csproj", "{FCB62C95-E281-4106-A431-37C7219536D5}"
EndProject
Project("{9A19103F-16F7-4668-BE54-9A1E7A4F7556}") = "QboxNext.Qboxes.Parsing", "dependencies\dotnetcore-minimal\QboxNext.Qboxes.Parsing\QboxNext.Qboxes.Parsing.csproj", "{1C3D8877-4932-44F6-A821-170681E3AB3D}"
EndProject
Project("{9A19103F-16F7-4668-BE54-9A1E7A4F7556}") = "QboxNext", "src\QboxNext\QboxNext.csproj", "{D3804229-91F4-4502-9595-39884E5A01AD}"
	ProjectSection(ProjectDependencies) = postProject
		{1C3D8877-4932-44F6-A821-170681E3AB3D} = {1C3D8877-4932-44F6-A821-170681E3AB3D}
		{0123527F-A680-4A40-83B8-867964839BED} = {0123527F-A680-4A40-83B8-867964839BED}
		{FCB62C95-E281-4106-A431-37C7219536D5} = {FCB62C95-E281-4106-A431-37C7219536D5}
		{A60261EA-34F4-4075-87A2-675FD80F79DC} = {A60261EA-34F4-4075-87A2-675FD80F79DC}
	EndProjectSection
EndProject
Project("{2150E333-8FDC-42A3-9474-1A3956D46DE8}") = "src-api", "src-api", "{94D0B4A4-A4E0-4F74-B5FB-65ECD24A16E4}"
EndProject
Project("{FAE04EC0-301F-11D3-BF4B-00C04F79EFBC}") = "QboxNext.Domain", "src\QboxNext.Domain\QboxNext.Domain.csproj", "{B6F8FED6-4F61-452C-85B1-B4B898E1BD1C}"
EndProject
Global
	GlobalSection(SolutionConfigurationPlatforms) = preSolution
		Debug|Any CPU = Debug|Any CPU
		Release|Any CPU = Release|Any CPU
	EndGlobalSection
	GlobalSection(ProjectConfigurationPlatforms) = postSolution
		{FF9F4D84-FEDC-43ED-80B9-D760D5EC1E2B}.Debug|Any CPU.ActiveCfg = Debug|Any CPU
		{FF9F4D84-FEDC-43ED-80B9-D760D5EC1E2B}.Debug|Any CPU.Build.0 = Debug|Any CPU
		{FF9F4D84-FEDC-43ED-80B9-D760D5EC1E2B}.Release|Any CPU.ActiveCfg = Release|Any CPU
		{FF9F4D84-FEDC-43ED-80B9-D760D5EC1E2B}.Release|Any CPU.Build.0 = Release|Any CPU
		{A7948F1B-EF2D-4566-8D8F-BDF69F5A297D}.Debug|Any CPU.ActiveCfg = Debug|Any CPU
		{A7948F1B-EF2D-4566-8D8F-BDF69F5A297D}.Debug|Any CPU.Build.0 = Debug|Any CPU
		{A7948F1B-EF2D-4566-8D8F-BDF69F5A297D}.Release|Any CPU.ActiveCfg = Release|Any CPU
		{A7948F1B-EF2D-4566-8D8F-BDF69F5A297D}.Release|Any CPU.Build.0 = Release|Any CPU
		{0123527F-A680-4A40-83B8-867964839BED}.Debug|Any CPU.ActiveCfg = Debug|Any CPU
		{0123527F-A680-4A40-83B8-867964839BED}.Debug|Any CPU.Build.0 = Debug|Any CPU
		{0123527F-A680-4A40-83B8-867964839BED}.Release|Any CPU.ActiveCfg = Release|Any CPU
		{0123527F-A680-4A40-83B8-867964839BED}.Release|Any CPU.Build.0 = Release|Any CPU
		{A60261EA-34F4-4075-87A2-675FD80F79DC}.Debug|Any CPU.ActiveCfg = Debug|Any CPU
		{A60261EA-34F4-4075-87A2-675FD80F79DC}.Debug|Any CPU.Build.0 = Debug|Any CPU
		{A60261EA-34F4-4075-87A2-675FD80F79DC}.Release|Any CPU.ActiveCfg = Release|Any CPU
		{A60261EA-34F4-4075-87A2-675FD80F79DC}.Release|Any CPU.Build.0 = Release|Any CPU
		{FCB62C95-E281-4106-A431-37C7219536D5}.Debug|Any CPU.ActiveCfg = Debug|Any CPU
		{FCB62C95-E281-4106-A431-37C7219536D5}.Debug|Any CPU.Build.0 = Debug|Any CPU
		{FCB62C95-E281-4106-A431-37C7219536D5}.Release|Any CPU.ActiveCfg = Release|Any CPU
		{FCB62C95-E281-4106-A431-37C7219536D5}.Release|Any CPU.Build.0 = Release|Any CPU
		{1C3D8877-4932-44F6-A821-170681E3AB3D}.Debug|Any CPU.ActiveCfg = Debug|Any CPU
		{1C3D8877-4932-44F6-A821-170681E3AB3D}.Debug|Any CPU.Build.0 = Debug|Any CPU
		{1C3D8877-4932-44F6-A821-170681E3AB3D}.Release|Any CPU.ActiveCfg = Release|Any CPU
		{1C3D8877-4932-44F6-A821-170681E3AB3D}.Release|Any CPU.Build.0 = Release|Any CPU
		{D3804229-91F4-4502-9595-39884E5A01AD}.Debug|Any CPU.ActiveCfg = Debug|Any CPU
		{D3804229-91F4-4502-9595-39884E5A01AD}.Debug|Any CPU.Build.0 = Debug|Any CPU
		{D3804229-91F4-4502-9595-39884E5A01AD}.Release|Any CPU.ActiveCfg = Release|Any CPU
		{D3804229-91F4-4502-9595-39884E5A01AD}.Release|Any CPU.Build.0 = Release|Any CPU
		{B6F8FED6-4F61-452C-85B1-B4B898E1BD1C}.Debug|Any CPU.ActiveCfg = Debug|Any CPU
		{B6F8FED6-4F61-452C-85B1-B4B898E1BD1C}.Debug|Any CPU.Build.0 = Debug|Any CPU
		{B6F8FED6-4F61-452C-85B1-B4B898E1BD1C}.Release|Any CPU.ActiveCfg = Release|Any CPU
		{B6F8FED6-4F61-452C-85B1-B4B898E1BD1C}.Release|Any CPU.Build.0 = Release|Any CPU
	EndGlobalSection
	GlobalSection(SolutionProperties) = preSolution
		HideSolutionNode = FALSE
	EndGlobalSection
	GlobalSection(NestedProjects) = preSolution
		{FF9F4D84-FEDC-43ED-80B9-D760D5EC1E2B} = {94D0B4A4-A4E0-4F74-B5FB-65ECD24A16E4}
		{A7948F1B-EF2D-4566-8D8F-BDF69F5A297D} = {94D0B4A4-A4E0-4F74-B5FB-65ECD24A16E4}
		{0123527F-A680-4A40-83B8-867964839BED} = {E04D98D6-6C1E-4E41-AB15-3C8CA6BC9F8D}
		{A60261EA-34F4-4075-87A2-675FD80F79DC} = {E04D98D6-6C1E-4E41-AB15-3C8CA6BC9F8D}
		{FCB62C95-E281-4106-A431-37C7219536D5} = {E04D98D6-6C1E-4E41-AB15-3C8CA6BC9F8D}
		{1C3D8877-4932-44F6-A821-170681E3AB3D} = {E04D98D6-6C1E-4E41-AB15-3C8CA6BC9F8D}
		{D3804229-91F4-4502-9595-39884E5A01AD} = {CBFFFEA9-60E2-4179-BBBA-989DC6E9C3BD}
		{B6F8FED6-4F61-452C-85B1-B4B898E1BD1C} = {94D0B4A4-A4E0-4F74-B5FB-65ECD24A16E4}
	EndGlobalSection
	GlobalSection(ExtensibilityGlobals) = postSolution
		SolutionGuid = {3A6ED5AF-7B32-444B-887A-ABF343EE609C}
	EndGlobalSection
EndGlobal
