
Microsoft Visual Studio Solution File, Format Version 12.00
# Visual Studio 15
VisualStudioVersion = 15.0.28010.2041
MinimumVisualStudioVersion = 10.0.40219.1
Project("{2150E333-8FDC-42A3-9474-1A3956D46DE8}") = "src", "src", "{CBFFFEA9-60E2-4179-BBBA-989DC6E9C3BD}"
EndProject
Project("{2150E333-8FDC-42A3-9474-1A3956D46DE8}") = "dependencies", "dependencies", "{E04D98D6-6C1E-4E41-AB15-3C8CA6BC9F8D}"
EndProject
Project("{2150E333-8FDC-42A3-9474-1A3956D46DE8}") = "Solution Items", "Solution Items", "{AF60A9C5-549D-46BC-B782-7B7AD1C207D0}"
	ProjectSection(SolutionItems) = preProject
		.dockerignore = .dockerignore
		.gitignore = .gitignore
		azure-pipelines.yml = azure-pipelines.yml
		CHANGELOG.md = CHANGELOG.md
		Directory.Build.props = Directory.Build.props
		GitHubReleaseNotes.txt = GitHubReleaseNotes.txt
		README.md = README.md
	EndProjectSection
EndProject
Project("{9A19103F-16F7-4668-BE54-9A1E7A4F7556}") = "QboxNext.Core", "dependencies\dotnetcore-minimal\QboxNext.Core\QboxNext.Core.csproj", "{A60261EA-34F4-4075-87A2-675FD80F79DC}"
EndProject
Project("{9A19103F-16F7-4668-BE54-9A1E7A4F7556}") = "QboxNext.Qserver.Core", "dependencies\dotnetcore-minimal\QboxNext.Qserver.Core\QboxNext.Qserver.Core.csproj", "{FCB62C95-E281-4106-A431-37C7219536D5}"
EndProject
Project("{9A19103F-16F7-4668-BE54-9A1E7A4F7556}") = "QboxNext.Qboxes.Parsing", "dependencies\dotnetcore-minimal\QboxNext.Qboxes.Parsing\QboxNext.Qboxes.Parsing.csproj", "{1C3D8877-4932-44F6-A821-170681E3AB3D}"
EndProject
Project("{9A19103F-16F7-4668-BE54-9A1E7A4F7556}") = "QboxNext", "src\QboxNext\QboxNext.csproj", "{D3804229-91F4-4502-9595-39884E5A01AD}"
EndProject
Project("{2150E333-8FDC-42A3-9474-1A3956D46DE8}") = "src-server", "src-server", "{94D0B4A4-A4E0-4F74-B5FB-65ECD24A16E4}"
EndProject
Project("{2150E333-8FDC-42A3-9474-1A3956D46DE8}") = "src-docker", "src-docker", "{6EFB58AF-B885-4E99-BEF7-ECB6B08329B3}"
EndProject
Project("{9A19103F-16F7-4668-BE54-9A1E7A4F7556}") = "QboxNext.WebApi.Docker", "src-docker\QboxNext.WebApi.Docker\QboxNext.WebApi.Docker.csproj", "{2DF3EBEC-4915-421A-B970-3127A04AF551}"
EndProject
Project("{9A19103F-16F7-4668-BE54-9A1E7A4F7556}") = "QboxNext.Business.Docker", "src-docker\QboxNext.Business.Docker\QboxNext.Business.Docker.csproj", "{F7940E10-E76F-4428-A93D-EE4210EBD893}"
EndProject
Project("{9A19103F-16F7-4668-BE54-9A1E7A4F7556}") = "QboxNext.Qservice", "dependencies\dotnetcore-minimal\QboxNext.Qservice\QboxNext.Qservice.csproj", "{A34CE19C-5B35-4915-85C5-D96423CFF1CC}"
EndProject
Project("{9A19103F-16F7-4668-BE54-9A1E7A4F7556}") = "QboxNext.Qserver", "dependencies\dotnetcore-minimal\QboxNext.Qserver\QboxNext.Qserver.csproj", "{84F46257-F4F9-40AF-91FB-6394D67C8F60}"
EndProject
Project("{9A19103F-16F7-4668-BE54-9A1E7A4F7556}") = "QboxNext.Extensions", "src\QboxNext.Extensions\QboxNext.Extensions.csproj", "{D3804229-91F4-4502-9595-39884E5A01AE}"
EndProject
Project("{9A19103F-16F7-4668-BE54-9A1E7A4F7556}") = "QboxNext.Model", "dependencies\dotnetcore-minimal\QboxNext.Model\QboxNext.Model.csproj", "{553FB0E0-DCAA-46F1-85EF-23E1C2263B00}"
EndProject
Project("{9A19103F-16F7-4668-BE54-9A1E7A4F7556}") = "QboxNext.Logging", "dependencies\dotnetcore-minimal\QboxNext.Logging\QboxNext.Logging.csproj", "{23039BE0-17B9-44E3-A80A-F47E330573C1}"
EndProject
Project("{9A19103F-16F7-4668-BE54-9A1E7A4F7556}") = "NLog.Extensions.AzureTables", "dependencies\NLog.Extensions.AzureStorage\src\NLog.Extensions.AzureTables\NLog.Extensions.AzureTables.csproj", "{168443E1-1EF0-4A4A-B0AA-0D6D0B3D215B}"
EndProject
Project("{2150E333-8FDC-42A3-9474-1A3956D46DE8}") = "src-tools", "src-tools", "{50677B50-5B0D-422E-834F-9F1A93632D1F}"
EndProject
Project("{9A19103F-16F7-4668-BE54-9A1E7A4F7556}") = "QboxNext.Server.Common", "src-server\QboxNext.Server.Common\QboxNext.Server.Common.csproj", "{BD0B9027-9772-46BC-98C8-03082C89D8B9}"
EndProject
Project("{9A19103F-16F7-4668-BE54-9A1E7A4F7556}") = "QboxNext.Server.Domain", "src-server\QboxNext.Server.Domain\QboxNext.Server.Domain.csproj", "{17A9E8B8-F97B-4401-97E1-FBBDF8AEE95E}"
EndProject
Project("{9A19103F-16F7-4668-BE54-9A1E7A4F7556}") = "QboxNext.Server.Infrastructure.Azure", "src-server\QboxNext.Server.Infrastructure.Azure\QboxNext.Server.Infrastructure.Azure.csproj", "{85EDF87D-007E-4C1A-B4BA-0281E08B7251}"
EndProject
Project("{9A19103F-16F7-4668-BE54-9A1E7A4F7556}") = "QBoxNext.Server.Business", "src-server\QBoxNext.Server.Business\QBoxNext.Server.Business.csproj", "{D245B6B7-60D9-433F-A71C-1153FDD48FB2}"
EndProject
Project("{9A19103F-16F7-4668-BE54-9A1E7A4F7556}") = "QboxNext.AzureTableImporter", "src-tools\QboxNext.AzureTableImporter\QboxNext.AzureTableImporter.csproj", "{C168E306-97E8-41CC-9E52-90F26C484538}"
EndProject
Project("{9A19103F-16F7-4668-BE54-9A1E7A4F7556}") = "QboxNext.ConsoleApp.Core", "dependencies\dotnetcore-minimal\QboxNext.ConsoleApp.Core\QboxNext.ConsoleApp.Core.csproj", "{4D581BA1-4EB4-476D-8D89-CD74B8C697CA}"
EndProject
Project("{9A19103F-16F7-4668-BE54-9A1E7A4F7556}") = "QboxNext.Server.DataReceiver", "src-server\QboxNext.Server.DataReceiver\QboxNext.Server.DataReceiver.csproj", "{2DD906F8-3ED8-40ED-883A-245B9A7E517B}"
EndProject
Project("{2150E333-8FDC-42A3-9474-1A3956D46DE8}") = "src-azure-functions", "src-azure-functions", "{586BBAB6-81B3-4D88-B26A-E1857DE9E000}"
EndProject
Project("{9A19103F-16F7-4668-BE54-9A1E7A4F7556}") = "QboxNext.Server.Frontend", "src-server\QboxNext.Server.Frontend\QboxNext.Server.Frontend.csproj", "{949DD250-28BA-4A3F-82EA-812CEE30A402}"
EndProject
Global
	GlobalSection(SolutionConfigurationPlatforms) = preSolution
		Debug|Any CPU = Debug|Any CPU
		Release|Any CPU = Release|Any CPU
	EndGlobalSection
	GlobalSection(ProjectConfigurationPlatforms) = postSolution
		{A60261EA-34F4-4075-87A2-675FD80F79DC}.Debug|Any CPU.ActiveCfg = Debug|Any CPU
		{A60261EA-34F4-4075-87A2-675FD80F79DC}.Debug|Any CPU.Build.0 = Debug|Any CPU
		{A60261EA-34F4-4075-87A2-675FD80F79DC}.Release|Any CPU.ActiveCfg = Release|Any CPU
		{A60261EA-34F4-4075-87A2-675FD80F79DC}.Release|Any CPU.Build.0 = Release|Any CPU
		{FCB62C95-E281-4106-A431-37C7219536D5}.Debug|Any CPU.ActiveCfg = Debug|Any CPU
		{FCB62C95-E281-4106-A431-37C7219536D5}.Debug|Any CPU.Build.0 = Debug|Any CPU
		{FCB62C95-E281-4106-A431-37C7219536D5}.Release|Any CPU.ActiveCfg = Release|Any CPU
		{FCB62C95-E281-4106-A431-37C7219536D5}.Release|Any CPU.Build.0 = Release|Any CPU
		{1C3D8877-4932-44F6-A821-170681E3AB3D}.Debug|Any CPU.ActiveCfg = Debug|Any CPU
		{1C3D8877-4932-44F6-A821-170681E3AB3D}.Debug|Any CPU.Build.0 = Debug|Any CPU
		{1C3D8877-4932-44F6-A821-170681E3AB3D}.Release|Any CPU.ActiveCfg = Release|Any CPU
		{1C3D8877-4932-44F6-A821-170681E3AB3D}.Release|Any CPU.Build.0 = Release|Any CPU
		{D3804229-91F4-4502-9595-39884E5A01AD}.Debug|Any CPU.ActiveCfg = Debug|Any CPU
		{D3804229-91F4-4502-9595-39884E5A01AD}.Debug|Any CPU.Build.0 = Debug|Any CPU
		{D3804229-91F4-4502-9595-39884E5A01AD}.Release|Any CPU.ActiveCfg = Release|Any CPU
		{D3804229-91F4-4502-9595-39884E5A01AD}.Release|Any CPU.Build.0 = Release|Any CPU
		{2DF3EBEC-4915-421A-B970-3127A04AF551}.Debug|Any CPU.ActiveCfg = Debug|Any CPU
		{2DF3EBEC-4915-421A-B970-3127A04AF551}.Debug|Any CPU.Build.0 = Debug|Any CPU
		{2DF3EBEC-4915-421A-B970-3127A04AF551}.Release|Any CPU.ActiveCfg = Release|Any CPU
		{2DF3EBEC-4915-421A-B970-3127A04AF551}.Release|Any CPU.Build.0 = Release|Any CPU
		{F7940E10-E76F-4428-A93D-EE4210EBD893}.Debug|Any CPU.ActiveCfg = Debug|Any CPU
		{F7940E10-E76F-4428-A93D-EE4210EBD893}.Debug|Any CPU.Build.0 = Debug|Any CPU
		{F7940E10-E76F-4428-A93D-EE4210EBD893}.Release|Any CPU.ActiveCfg = Release|Any CPU
		{F7940E10-E76F-4428-A93D-EE4210EBD893}.Release|Any CPU.Build.0 = Release|Any CPU
		{A34CE19C-5B35-4915-85C5-D96423CFF1CC}.Debug|Any CPU.ActiveCfg = Debug|Any CPU
		{A34CE19C-5B35-4915-85C5-D96423CFF1CC}.Debug|Any CPU.Build.0 = Debug|Any CPU
		{A34CE19C-5B35-4915-85C5-D96423CFF1CC}.Release|Any CPU.ActiveCfg = Release|Any CPU
		{A34CE19C-5B35-4915-85C5-D96423CFF1CC}.Release|Any CPU.Build.0 = Release|Any CPU
		{84F46257-F4F9-40AF-91FB-6394D67C8F60}.Debug|Any CPU.ActiveCfg = Debug|Any CPU
		{84F46257-F4F9-40AF-91FB-6394D67C8F60}.Debug|Any CPU.Build.0 = Debug|Any CPU
		{84F46257-F4F9-40AF-91FB-6394D67C8F60}.Release|Any CPU.ActiveCfg = Release|Any CPU
		{84F46257-F4F9-40AF-91FB-6394D67C8F60}.Release|Any CPU.Build.0 = Release|Any CPU
		{D3804229-91F4-4502-9595-39884E5A01AE}.Debug|Any CPU.ActiveCfg = Debug|Any CPU
		{D3804229-91F4-4502-9595-39884E5A01AE}.Debug|Any CPU.Build.0 = Debug|Any CPU
		{D3804229-91F4-4502-9595-39884E5A01AE}.Release|Any CPU.ActiveCfg = Release|Any CPU
		{D3804229-91F4-4502-9595-39884E5A01AE}.Release|Any CPU.Build.0 = Release|Any CPU
		{553FB0E0-DCAA-46F1-85EF-23E1C2263B00}.Debug|Any CPU.ActiveCfg = Debug|Any CPU
		{553FB0E0-DCAA-46F1-85EF-23E1C2263B00}.Debug|Any CPU.Build.0 = Debug|Any CPU
		{553FB0E0-DCAA-46F1-85EF-23E1C2263B00}.Release|Any CPU.ActiveCfg = Release|Any CPU
		{553FB0E0-DCAA-46F1-85EF-23E1C2263B00}.Release|Any CPU.Build.0 = Release|Any CPU
		{23039BE0-17B9-44E3-A80A-F47E330573C1}.Debug|Any CPU.ActiveCfg = Debug|Any CPU
		{23039BE0-17B9-44E3-A80A-F47E330573C1}.Debug|Any CPU.Build.0 = Debug|Any CPU
		{23039BE0-17B9-44E3-A80A-F47E330573C1}.Release|Any CPU.ActiveCfg = Release|Any CPU
		{23039BE0-17B9-44E3-A80A-F47E330573C1}.Release|Any CPU.Build.0 = Release|Any CPU
		{168443E1-1EF0-4A4A-B0AA-0D6D0B3D215B}.Debug|Any CPU.ActiveCfg = Debug|Any CPU
		{168443E1-1EF0-4A4A-B0AA-0D6D0B3D215B}.Debug|Any CPU.Build.0 = Debug|Any CPU
		{168443E1-1EF0-4A4A-B0AA-0D6D0B3D215B}.Release|Any CPU.ActiveCfg = Release|Any CPU
		{168443E1-1EF0-4A4A-B0AA-0D6D0B3D215B}.Release|Any CPU.Build.0 = Release|Any CPU
		{BD0B9027-9772-46BC-98C8-03082C89D8B9}.Debug|Any CPU.ActiveCfg = Debug|Any CPU
		{BD0B9027-9772-46BC-98C8-03082C89D8B9}.Debug|Any CPU.Build.0 = Debug|Any CPU
		{BD0B9027-9772-46BC-98C8-03082C89D8B9}.Release|Any CPU.ActiveCfg = Release|Any CPU
		{BD0B9027-9772-46BC-98C8-03082C89D8B9}.Release|Any CPU.Build.0 = Release|Any CPU
		{17A9E8B8-F97B-4401-97E1-FBBDF8AEE95E}.Debug|Any CPU.ActiveCfg = Debug|Any CPU
		{17A9E8B8-F97B-4401-97E1-FBBDF8AEE95E}.Debug|Any CPU.Build.0 = Debug|Any CPU
		{17A9E8B8-F97B-4401-97E1-FBBDF8AEE95E}.Release|Any CPU.ActiveCfg = Release|Any CPU
		{17A9E8B8-F97B-4401-97E1-FBBDF8AEE95E}.Release|Any CPU.Build.0 = Release|Any CPU
		{85EDF87D-007E-4C1A-B4BA-0281E08B7251}.Debug|Any CPU.ActiveCfg = Debug|Any CPU
		{85EDF87D-007E-4C1A-B4BA-0281E08B7251}.Debug|Any CPU.Build.0 = Debug|Any CPU
		{85EDF87D-007E-4C1A-B4BA-0281E08B7251}.Release|Any CPU.ActiveCfg = Release|Any CPU
		{85EDF87D-007E-4C1A-B4BA-0281E08B7251}.Release|Any CPU.Build.0 = Release|Any CPU
		{D245B6B7-60D9-433F-A71C-1153FDD48FB2}.Debug|Any CPU.ActiveCfg = Debug|Any CPU
		{D245B6B7-60D9-433F-A71C-1153FDD48FB2}.Debug|Any CPU.Build.0 = Debug|Any CPU
		{D245B6B7-60D9-433F-A71C-1153FDD48FB2}.Release|Any CPU.ActiveCfg = Release|Any CPU
		{D245B6B7-60D9-433F-A71C-1153FDD48FB2}.Release|Any CPU.Build.0 = Release|Any CPU
		{C168E306-97E8-41CC-9E52-90F26C484538}.Debug|Any CPU.ActiveCfg = Debug|Any CPU
		{C168E306-97E8-41CC-9E52-90F26C484538}.Debug|Any CPU.Build.0 = Debug|Any CPU
		{C168E306-97E8-41CC-9E52-90F26C484538}.Release|Any CPU.ActiveCfg = Release|Any CPU
		{C168E306-97E8-41CC-9E52-90F26C484538}.Release|Any CPU.Build.0 = Release|Any CPU
		{4D581BA1-4EB4-476D-8D89-CD74B8C697CA}.Debug|Any CPU.ActiveCfg = Debug|Any CPU
		{4D581BA1-4EB4-476D-8D89-CD74B8C697CA}.Debug|Any CPU.Build.0 = Debug|Any CPU
		{4D581BA1-4EB4-476D-8D89-CD74B8C697CA}.Release|Any CPU.ActiveCfg = Release|Any CPU
		{4D581BA1-4EB4-476D-8D89-CD74B8C697CA}.Release|Any CPU.Build.0 = Release|Any CPU
		{2DD906F8-3ED8-40ED-883A-245B9A7E517B}.Debug|Any CPU.ActiveCfg = Debug|Any CPU
		{2DD906F8-3ED8-40ED-883A-245B9A7E517B}.Debug|Any CPU.Build.0 = Debug|Any CPU
		{2DD906F8-3ED8-40ED-883A-245B9A7E517B}.Release|Any CPU.ActiveCfg = Release|Any CPU
		{2DD906F8-3ED8-40ED-883A-245B9A7E517B}.Release|Any CPU.Build.0 = Release|Any CPU
		{949DD250-28BA-4A3F-82EA-812CEE30A402}.Debug|Any CPU.ActiveCfg = Debug|Any CPU
		{949DD250-28BA-4A3F-82EA-812CEE30A402}.Debug|Any CPU.Build.0 = Debug|Any CPU
		{949DD250-28BA-4A3F-82EA-812CEE30A402}.Release|Any CPU.ActiveCfg = Release|Any CPU
		{949DD250-28BA-4A3F-82EA-812CEE30A402}.Release|Any CPU.Build.0 = Release|Any CPU
	EndGlobalSection
	GlobalSection(SolutionProperties) = preSolution
		HideSolutionNode = FALSE
	EndGlobalSection
	GlobalSection(NestedProjects) = preSolution
		{A60261EA-34F4-4075-87A2-675FD80F79DC} = {E04D98D6-6C1E-4E41-AB15-3C8CA6BC9F8D}
		{FCB62C95-E281-4106-A431-37C7219536D5} = {E04D98D6-6C1E-4E41-AB15-3C8CA6BC9F8D}
		{1C3D8877-4932-44F6-A821-170681E3AB3D} = {E04D98D6-6C1E-4E41-AB15-3C8CA6BC9F8D}
		{D3804229-91F4-4502-9595-39884E5A01AD} = {CBFFFEA9-60E2-4179-BBBA-989DC6E9C3BD}
		{2DF3EBEC-4915-421A-B970-3127A04AF551} = {6EFB58AF-B885-4E99-BEF7-ECB6B08329B3}
		{F7940E10-E76F-4428-A93D-EE4210EBD893} = {6EFB58AF-B885-4E99-BEF7-ECB6B08329B3}
		{A34CE19C-5B35-4915-85C5-D96423CFF1CC} = {E04D98D6-6C1E-4E41-AB15-3C8CA6BC9F8D}
		{84F46257-F4F9-40AF-91FB-6394D67C8F60} = {E04D98D6-6C1E-4E41-AB15-3C8CA6BC9F8D}
		{D3804229-91F4-4502-9595-39884E5A01AE} = {CBFFFEA9-60E2-4179-BBBA-989DC6E9C3BD}
		{553FB0E0-DCAA-46F1-85EF-23E1C2263B00} = {E04D98D6-6C1E-4E41-AB15-3C8CA6BC9F8D}
		{23039BE0-17B9-44E3-A80A-F47E330573C1} = {E04D98D6-6C1E-4E41-AB15-3C8CA6BC9F8D}
		{168443E1-1EF0-4A4A-B0AA-0D6D0B3D215B} = {E04D98D6-6C1E-4E41-AB15-3C8CA6BC9F8D}
		{BD0B9027-9772-46BC-98C8-03082C89D8B9} = {94D0B4A4-A4E0-4F74-B5FB-65ECD24A16E4}
		{17A9E8B8-F97B-4401-97E1-FBBDF8AEE95E} = {94D0B4A4-A4E0-4F74-B5FB-65ECD24A16E4}
		{85EDF87D-007E-4C1A-B4BA-0281E08B7251} = {94D0B4A4-A4E0-4F74-B5FB-65ECD24A16E4}
		{D245B6B7-60D9-433F-A71C-1153FDD48FB2} = {94D0B4A4-A4E0-4F74-B5FB-65ECD24A16E4}
		{C168E306-97E8-41CC-9E52-90F26C484538} = {50677B50-5B0D-422E-834F-9F1A93632D1F}
		{4D581BA1-4EB4-476D-8D89-CD74B8C697CA} = {E04D98D6-6C1E-4E41-AB15-3C8CA6BC9F8D}
		{2DD906F8-3ED8-40ED-883A-245B9A7E517B} = {94D0B4A4-A4E0-4F74-B5FB-65ECD24A16E4}
		{949DD250-28BA-4A3F-82EA-812CEE30A402} = {94D0B4A4-A4E0-4F74-B5FB-65ECD24A16E4}
	EndGlobalSection
	GlobalSection(ExtensibilityGlobals) = postSolution
		SolutionGuid = {3A6ED5AF-7B32-444B-887A-ABF343EE609C}
	EndGlobalSection
EndGlobal
