
Microsoft Visual Studio Solution File, Format Version 12.00
# Visual Studio 15
VisualStudioVersion = 15.0.28010.2041
MinimumVisualStudioVersion = 10.0.40219.1
Project("{9A19103F-16F7-4668-BE54-9A1E7A4F7556}") = "QboxNext.Qserver", "QboxNext.Qserver\QboxNext.Qserver.csproj", "{7C27589B-4A0A-465D-8D39-07831B55BF35}"
EndProject
Project("{9A19103F-16F7-4668-BE54-9A1E7A4F7556}") = "QboxNext.Core", "QboxNext.Core\QboxNext.Core.csproj", "{795FDCD5-AC8E-4A26-ACD2-56FC09F6E4D2}"
EndProject
Project("{9A19103F-16F7-4668-BE54-9A1E7A4F7556}") = "QboxNext.Qserver.Core", "QboxNext.Qserver.Core\QboxNext.Qserver.Core.csproj", "{F7A97C6B-A339-44D0-A0A9-DD2DEF50D2DC}"
EndProject
Project("{9A19103F-16F7-4668-BE54-9A1E7A4F7556}") = "QboxNext.Qboxes.Parsing", "QboxNext.Qboxes.Parsing\QboxNext.Qboxes.Parsing.csproj", "{25D92117-34B7-48B2-A849-D7730B2B415E}"
EndProject
Project("{9A19103F-16F7-4668-BE54-9A1E7A4F7556}") = "QboxNext.DumpQbx", "QboxNext.DumpQbx\QboxNext.DumpQbx.csproj", "{A3D31554-2FFD-4862-9733-8DEAC438957F}"
EndProject
Project("{9A19103F-16F7-4668-BE54-9A1E7A4F7556}") = "QboxNext.SimulateQbox", "QboxNext.SimulateQbox\QboxNext.SimulateQbox.csproj", "{849CA6E2-BBA7-414D-8117-12F34197F850}"
EndProject
Project("{9A19103F-16F7-4668-BE54-9A1E7A4F7556}") = "QboxNext.ParseQboxMessage", "QboxNext.ParseQboxMessage\QboxNext.ParseQboxMessage.csproj", "{5900DAB2-A2FA-41B5-8C63-B453494E2442}"
EndProject
Project("{9A19103F-16F7-4668-BE54-9A1E7A4F7556}") = "QboxNext.Qservice", "QboxNext.Qservice\QboxNext.Qservice.csproj", "{51CF4033-310F-4592-A4B6-B3EAD11900C7}"
EndProject
Project("{9A19103F-16F7-4668-BE54-9A1E7A4F7556}") = "QboxNext.Model", "QboxNext.Model\QboxNext.Model.csproj", "{5199C5CD-E527-45AB-8296-69A3DDF69662}"
EndProject
Project("{2150E333-8FDC-42A3-9474-1A3956D46DE8}") = "Tools", "Tools", "{4B7ABDCD-47B7-4807-AEBF-7BF1901059C5}"
EndProject
Project("{9A19103F-16F7-4668-BE54-9A1E7A4F7556}") = "QboxNext.MergeQbx", "QboxNext.MergeQbx\QboxNext.MergeQbx.csproj", "{A30C415A-C9C4-4F5A-98CA-C05C0FC2F299}"
EndProject
Project("{2150E333-8FDC-42A3-9474-1A3956D46DE8}") = "Tests", "Tests", "{C79E972B-4925-4076-AECE-3409D5DD17C5}"
EndProject
Project("{9A19103F-16F7-4668-BE54-9A1E7A4F7556}") = "QboxNext.MergeQbx.Tests", "QboxNext.MergeQbx.Tests\QboxNext.MergeQbx.Tests.csproj", "{3F6BD378-EF78-4320-89A6-787665D99D45}"
EndProject
Project("{9A19103F-16F7-4668-BE54-9A1E7A4F7556}") = "QboxNext.Qserver.Core.Tests", "QboxNext.Qserver.Core.Tests\QboxNext.Qserver.Core.Tests.csproj", "{B6429770-7D88-4367-B4EB-4C01C4F784FE}"
EndProject
Project("{9A19103F-16F7-4668-BE54-9A1E7A4F7556}") = "QboxNext.Model.Tests", "QboxNext.Model.Tests\QboxNext.Model.Tests.csproj", "{15BAF1FC-A189-4DAE-BD63-5B65BA0ABF14}"
EndProject
Project("{9A19103F-16F7-4668-BE54-9A1E7A4F7556}") = "QboxNext.Qboxes.Parsing.Tests", "QboxNext.Qboxes.Parsing.Tests\QboxNext.Qboxes.Parsing.Tests.csproj", "{E2B454F7-6D29-4327-A921-D5CA3B0EA16C}"
EndProject
Project("{9A19103F-16F7-4668-BE54-9A1E7A4F7556}") = "QboxNext.Logging", "QboxNext.Logging\QboxNext.Logging.csproj", "{12215247-F3B2-4C8F-822A-53F51A912E81}"
EndProject
Project("{9A19103F-16F7-4668-BE54-9A1E7A4F7556}") = "QboxNext.ConsoleApp.Core", "QboxNext.ConsoleApp.Core\QboxNext.ConsoleApp.Core.csproj", "{E458687F-2C10-40D1-8B7A-EEE3BBC4E539}"
EndProject
Project("{9A19103F-16F7-4668-BE54-9A1E7A4F7556}") = "QboxNext.Qserver.Tests", "QboxNext.Qserver.Tests\QboxNext.Qserver.Tests.csproj", "{583945DF-4FF9-4947-8D4C-727D43FA1320}"
EndProject
Project("{9A19103F-16F7-4668-BE54-9A1E7A4F7556}") = "QboxNext.Qservice.Tests", "QboxNext.Qservice.Tests\QboxNext.Qservice.Tests.csproj", "{C1A1EE22-5A96-490B-A5EC-B8A9DCE41B88}"
EndProject
Project("{9A19103F-16F7-4668-BE54-9A1E7A4F7556}") = "QboxNext.Core.Tests", "QboxNext.Core.Tests\QboxNext.Core.Tests.csproj", "{310A8958-9D10-4BC6-AB84-10284DFE54DA}"
EndProject
Project("{FAE04EC0-301F-11D3-BF4B-00C04F79EFBC}") = "QboxNext.Simulation", "QboxNext.Simulation\QboxNext.Simulation.csproj", "{8E16DC6D-4861-4670-BA90-69344DF3E4F9}"
EndProject
Global
	GlobalSection(SolutionConfigurationPlatforms) = preSolution
		Debug|Any CPU = Debug|Any CPU
		Release|Any CPU = Release|Any CPU
	EndGlobalSection
	GlobalSection(ProjectConfigurationPlatforms) = postSolution
		{7C27589B-4A0A-465D-8D39-07831B55BF35}.Debug|Any CPU.ActiveCfg = Debug|Any CPU
		{7C27589B-4A0A-465D-8D39-07831B55BF35}.Debug|Any CPU.Build.0 = Debug|Any CPU
		{7C27589B-4A0A-465D-8D39-07831B55BF35}.Release|Any CPU.ActiveCfg = Release|Any CPU
		{7C27589B-4A0A-465D-8D39-07831B55BF35}.Release|Any CPU.Build.0 = Release|Any CPU
		{795FDCD5-AC8E-4A26-ACD2-56FC09F6E4D2}.Debug|Any CPU.ActiveCfg = Debug|Any CPU
		{795FDCD5-AC8E-4A26-ACD2-56FC09F6E4D2}.Debug|Any CPU.Build.0 = Debug|Any CPU
		{795FDCD5-AC8E-4A26-ACD2-56FC09F6E4D2}.Release|Any CPU.ActiveCfg = Release|Any CPU
		{795FDCD5-AC8E-4A26-ACD2-56FC09F6E4D2}.Release|Any CPU.Build.0 = Release|Any CPU
		{F7A97C6B-A339-44D0-A0A9-DD2DEF50D2DC}.Debug|Any CPU.ActiveCfg = Debug|Any CPU
		{F7A97C6B-A339-44D0-A0A9-DD2DEF50D2DC}.Debug|Any CPU.Build.0 = Debug|Any CPU
		{F7A97C6B-A339-44D0-A0A9-DD2DEF50D2DC}.Release|Any CPU.ActiveCfg = Release|Any CPU
		{F7A97C6B-A339-44D0-A0A9-DD2DEF50D2DC}.Release|Any CPU.Build.0 = Release|Any CPU
		{25D92117-34B7-48B2-A849-D7730B2B415E}.Debug|Any CPU.ActiveCfg = Debug|Any CPU
		{25D92117-34B7-48B2-A849-D7730B2B415E}.Debug|Any CPU.Build.0 = Debug|Any CPU
		{25D92117-34B7-48B2-A849-D7730B2B415E}.Release|Any CPU.ActiveCfg = Release|Any CPU
		{25D92117-34B7-48B2-A849-D7730B2B415E}.Release|Any CPU.Build.0 = Release|Any CPU
		{A3D31554-2FFD-4862-9733-8DEAC438957F}.Debug|Any CPU.ActiveCfg = Debug|Any CPU
		{A3D31554-2FFD-4862-9733-8DEAC438957F}.Debug|Any CPU.Build.0 = Debug|Any CPU
		{A3D31554-2FFD-4862-9733-8DEAC438957F}.Release|Any CPU.ActiveCfg = Release|Any CPU
		{A3D31554-2FFD-4862-9733-8DEAC438957F}.Release|Any CPU.Build.0 = Release|Any CPU
		{849CA6E2-BBA7-414D-8117-12F34197F850}.Debug|Any CPU.ActiveCfg = Debug|Any CPU
		{849CA6E2-BBA7-414D-8117-12F34197F850}.Debug|Any CPU.Build.0 = Debug|Any CPU
		{849CA6E2-BBA7-414D-8117-12F34197F850}.Release|Any CPU.ActiveCfg = Release|Any CPU
		{849CA6E2-BBA7-414D-8117-12F34197F850}.Release|Any CPU.Build.0 = Release|Any CPU
		{5900DAB2-A2FA-41B5-8C63-B453494E2442}.Debug|Any CPU.ActiveCfg = Debug|Any CPU
		{5900DAB2-A2FA-41B5-8C63-B453494E2442}.Debug|Any CPU.Build.0 = Debug|Any CPU
		{5900DAB2-A2FA-41B5-8C63-B453494E2442}.Release|Any CPU.ActiveCfg = Release|Any CPU
		{5900DAB2-A2FA-41B5-8C63-B453494E2442}.Release|Any CPU.Build.0 = Release|Any CPU
		{51CF4033-310F-4592-A4B6-B3EAD11900C7}.Debug|Any CPU.ActiveCfg = Debug|Any CPU
		{51CF4033-310F-4592-A4B6-B3EAD11900C7}.Debug|Any CPU.Build.0 = Debug|Any CPU
		{51CF4033-310F-4592-A4B6-B3EAD11900C7}.Release|Any CPU.ActiveCfg = Release|Any CPU
		{51CF4033-310F-4592-A4B6-B3EAD11900C7}.Release|Any CPU.Build.0 = Release|Any CPU
		{5199C5CD-E527-45AB-8296-69A3DDF69662}.Debug|Any CPU.ActiveCfg = Debug|Any CPU
		{5199C5CD-E527-45AB-8296-69A3DDF69662}.Debug|Any CPU.Build.0 = Debug|Any CPU
		{5199C5CD-E527-45AB-8296-69A3DDF69662}.Release|Any CPU.ActiveCfg = Release|Any CPU
		{5199C5CD-E527-45AB-8296-69A3DDF69662}.Release|Any CPU.Build.0 = Release|Any CPU
		{A30C415A-C9C4-4F5A-98CA-C05C0FC2F299}.Debug|Any CPU.ActiveCfg = Debug|Any CPU
		{A30C415A-C9C4-4F5A-98CA-C05C0FC2F299}.Debug|Any CPU.Build.0 = Debug|Any CPU
		{A30C415A-C9C4-4F5A-98CA-C05C0FC2F299}.Release|Any CPU.ActiveCfg = Release|Any CPU
		{A30C415A-C9C4-4F5A-98CA-C05C0FC2F299}.Release|Any CPU.Build.0 = Release|Any CPU
		{3F6BD378-EF78-4320-89A6-787665D99D45}.Debug|Any CPU.ActiveCfg = Debug|Any CPU
		{3F6BD378-EF78-4320-89A6-787665D99D45}.Debug|Any CPU.Build.0 = Debug|Any CPU
		{3F6BD378-EF78-4320-89A6-787665D99D45}.Release|Any CPU.ActiveCfg = Release|Any CPU
		{3F6BD378-EF78-4320-89A6-787665D99D45}.Release|Any CPU.Build.0 = Release|Any CPU
		{B6429770-7D88-4367-B4EB-4C01C4F784FE}.Debug|Any CPU.ActiveCfg = Debug|Any CPU
		{B6429770-7D88-4367-B4EB-4C01C4F784FE}.Debug|Any CPU.Build.0 = Debug|Any CPU
		{B6429770-7D88-4367-B4EB-4C01C4F784FE}.Release|Any CPU.ActiveCfg = Release|Any CPU
		{B6429770-7D88-4367-B4EB-4C01C4F784FE}.Release|Any CPU.Build.0 = Release|Any CPU
		{15BAF1FC-A189-4DAE-BD63-5B65BA0ABF14}.Debug|Any CPU.ActiveCfg = Debug|Any CPU
		{15BAF1FC-A189-4DAE-BD63-5B65BA0ABF14}.Debug|Any CPU.Build.0 = Debug|Any CPU
		{15BAF1FC-A189-4DAE-BD63-5B65BA0ABF14}.Release|Any CPU.ActiveCfg = Release|Any CPU
		{15BAF1FC-A189-4DAE-BD63-5B65BA0ABF14}.Release|Any CPU.Build.0 = Release|Any CPU
		{E2B454F7-6D29-4327-A921-D5CA3B0EA16C}.Debug|Any CPU.ActiveCfg = Debug|Any CPU
		{E2B454F7-6D29-4327-A921-D5CA3B0EA16C}.Debug|Any CPU.Build.0 = Debug|Any CPU
		{E2B454F7-6D29-4327-A921-D5CA3B0EA16C}.Release|Any CPU.ActiveCfg = Release|Any CPU
		{E2B454F7-6D29-4327-A921-D5CA3B0EA16C}.Release|Any CPU.Build.0 = Release|Any CPU
		{12215247-F3B2-4C8F-822A-53F51A912E81}.Debug|Any CPU.ActiveCfg = Debug|Any CPU
		{12215247-F3B2-4C8F-822A-53F51A912E81}.Debug|Any CPU.Build.0 = Debug|Any CPU
		{12215247-F3B2-4C8F-822A-53F51A912E81}.Release|Any CPU.ActiveCfg = Release|Any CPU
		{12215247-F3B2-4C8F-822A-53F51A912E81}.Release|Any CPU.Build.0 = Release|Any CPU
		{E458687F-2C10-40D1-8B7A-EEE3BBC4E539}.Debug|Any CPU.ActiveCfg = Debug|Any CPU
		{E458687F-2C10-40D1-8B7A-EEE3BBC4E539}.Debug|Any CPU.Build.0 = Debug|Any CPU
		{E458687F-2C10-40D1-8B7A-EEE3BBC4E539}.Release|Any CPU.ActiveCfg = Release|Any CPU
		{E458687F-2C10-40D1-8B7A-EEE3BBC4E539}.Release|Any CPU.Build.0 = Release|Any CPU
		{583945DF-4FF9-4947-8D4C-727D43FA1320}.Debug|Any CPU.ActiveCfg = Debug|Any CPU
		{583945DF-4FF9-4947-8D4C-727D43FA1320}.Debug|Any CPU.Build.0 = Debug|Any CPU
		{583945DF-4FF9-4947-8D4C-727D43FA1320}.Release|Any CPU.ActiveCfg = Release|Any CPU
		{583945DF-4FF9-4947-8D4C-727D43FA1320}.Release|Any CPU.Build.0 = Release|Any CPU
		{C1A1EE22-5A96-490B-A5EC-B8A9DCE41B88}.Debug|Any CPU.ActiveCfg = Debug|Any CPU
		{C1A1EE22-5A96-490B-A5EC-B8A9DCE41B88}.Debug|Any CPU.Build.0 = Debug|Any CPU
		{C1A1EE22-5A96-490B-A5EC-B8A9DCE41B88}.Release|Any CPU.ActiveCfg = Release|Any CPU
		{C1A1EE22-5A96-490B-A5EC-B8A9DCE41B88}.Release|Any CPU.Build.0 = Release|Any CPU
		{310A8958-9D10-4BC6-AB84-10284DFE54DA}.Debug|Any CPU.ActiveCfg = Debug|Any CPU
		{310A8958-9D10-4BC6-AB84-10284DFE54DA}.Debug|Any CPU.Build.0 = Debug|Any CPU
		{310A8958-9D10-4BC6-AB84-10284DFE54DA}.Release|Any CPU.ActiveCfg = Release|Any CPU
		{310A8958-9D10-4BC6-AB84-10284DFE54DA}.Release|Any CPU.Build.0 = Release|Any CPU
		{8E16DC6D-4861-4670-BA90-69344DF3E4F9}.Debug|Any CPU.ActiveCfg = Debug|Any CPU
		{8E16DC6D-4861-4670-BA90-69344DF3E4F9}.Debug|Any CPU.Build.0 = Debug|Any CPU
		{8E16DC6D-4861-4670-BA90-69344DF3E4F9}.Release|Any CPU.ActiveCfg = Release|Any CPU
		{8E16DC6D-4861-4670-BA90-69344DF3E4F9}.Release|Any CPU.Build.0 = Release|Any CPU
	EndGlobalSection
	GlobalSection(SolutionProperties) = preSolution
		HideSolutionNode = FALSE
	EndGlobalSection
	GlobalSection(NestedProjects) = preSolution
		{A3D31554-2FFD-4862-9733-8DEAC438957F} = {4B7ABDCD-47B7-4807-AEBF-7BF1901059C5}
		{849CA6E2-BBA7-414D-8117-12F34197F850} = {4B7ABDCD-47B7-4807-AEBF-7BF1901059C5}
		{5900DAB2-A2FA-41B5-8C63-B453494E2442} = {4B7ABDCD-47B7-4807-AEBF-7BF1901059C5}
		{A30C415A-C9C4-4F5A-98CA-C05C0FC2F299} = {4B7ABDCD-47B7-4807-AEBF-7BF1901059C5}
		{3F6BD378-EF78-4320-89A6-787665D99D45} = {C79E972B-4925-4076-AECE-3409D5DD17C5}
		{B6429770-7D88-4367-B4EB-4C01C4F784FE} = {C79E972B-4925-4076-AECE-3409D5DD17C5}
		{15BAF1FC-A189-4DAE-BD63-5B65BA0ABF14} = {C79E972B-4925-4076-AECE-3409D5DD17C5}
		{E2B454F7-6D29-4327-A921-D5CA3B0EA16C} = {C79E972B-4925-4076-AECE-3409D5DD17C5}
		{E458687F-2C10-40D1-8B7A-EEE3BBC4E539} = {4B7ABDCD-47B7-4807-AEBF-7BF1901059C5}
		{583945DF-4FF9-4947-8D4C-727D43FA1320} = {C79E972B-4925-4076-AECE-3409D5DD17C5}
		{C1A1EE22-5A96-490B-A5EC-B8A9DCE41B88} = {C79E972B-4925-4076-AECE-3409D5DD17C5}
		{310A8958-9D10-4BC6-AB84-10284DFE54DA} = {C79E972B-4925-4076-AECE-3409D5DD17C5}
	EndGlobalSection
	GlobalSection(ExtensibilityGlobals) = postSolution
		SolutionGuid = {3A6ED5AF-7B32-444B-887A-ABF343EE609C}
	EndGlobalSection
EndGlobal
